{
  "requires": true,
  "lockfileVersion": 1,
  "dependencies": {
    "ionic2-calendar": {
      "version": "0.6.6",
      "resolved": "https://registry.npmjs.org/ionic2-calendar/-/ionic2-calendar-0.6.6.tgz",
      "integrity": "sha512-ytlaVoz8Olq4k04Vaf/xuhDeoWEbdeCB/9kqTMnZgWfTkA+M87X72V4pyDtKEm1G+nDwxSboBRlYLDj9wtXdIA=="
    }
  }
}
